// !$*UTF8*$!
{
	archiveVersion = 1;
	classes = {
	};
	objectVersion = 77;
	objects = {

/* Begin PBXBuildFile section */
		61A0CD1B2E4A19CE003E8079 /* MapboxNavigationCore in Frameworks */ = {isa = PBXBuildFile; productRef = 61A0CD1A2E4A19CE003E8079 /* MapboxNavigationCore */; };
		61A0CD1D2E4A19CE003E8079 /* MapboxNavigationUIKit in Frameworks */ = {isa = PBXBuildFile; productRef = 61A0CD1C2E4A19CE003E8079 /* MapboxNavigationUIKit */; };
		61A0CD202E4A19E2003E8079 /* MapboxMaps in Frameworks */ = {isa = PBXBuildFile; productRef = 61A0CD1F2E4A19E2003E8079 /* MapboxMaps */; };
/* End PBXBuildFile section */

/* Begin PBXContainerItemProxy section */
		61B542732E4A17A500C654ED /* PBXContainerItemProxy */ = {
			isa = PBXContainerItemProxy;
			containerPortal = 61B5425B2E4A17A400C654ED /* Project object */;
			proxyType = 1;
			remoteGlobalIDString = 61B542622E4A17A400C654ED;
			remoteInfo = Convooy;
		};
		61B5427D2E4A17A500C654ED /* PBXContainerItemProxy */ = {
			isa = PBXContainerItemProxy;
			containerPortal = 61B5425B2E4A17A400C654ED /* Project object */;
			proxyType = 1;
			remoteGlobalIDString = 61B542622E4A17A400C654ED;
			remoteInfo = Convooy;
		};
/* End PBXContainerItemProxy section */

/* Begin PBXFileReference section */
		61B542632E4A17A400C654ED /* Convooy.app */ = {isa = PBXFileReference; explicitFileType = wrapper.application; includeInIndex = 0; path = Convooy.app; sourceTree = BUILT_PRODUCTS_DIR; };
		61B542722E4A17A500C654ED /* ConvooyTests.xctest */ = {isa = PBXFileReference; explicitFileType = wrapper.cfbundle; includeInIndex = 0; path = ConvooyTests.xctest; sourceTree = BUILT_PRODUCTS_DIR; };
		61B5427C2E4A17A500C654ED /* ConvooyUITests.xctest */ = {isa = PBXFileReference; explicitFileType = wrapper.cfbundle; includeInIndex = 0; path = ConvooyUITests.xctest; sourceTree = BUILT_PRODUCTS_DIR; };
		61DC30F92E4A1F62008FD597 /* Info.plist */ = {isa = PBXFileReference; lastKnownFileType = text.plist.xml; path = Info.plist; sourceTree = "<group>"; };
/* End PBXFileReference section */

/* Begin PBXFileSystemSynchronizedRootGroup section */
		61B542652E4A17A400C654ED /* Sources */ = {
			isa = PBXFileSystemSynchronizedRootGroup;
			path = Sources;
			sourceTree = "<group>";
		};
		61B542752E4A17A500C654ED /* ConvooyTests */ = {
			isa = PBXFileSystemSynchronizedRootGroup;
			path = ConvooyTests;
			sourceTree = "<group>";
		};
		61B5427F2E4A17A500C654ED /* ConvooyUITests */ = {
			isa = PBXFileSystemSynchronizedRootGroup;
			path = ConvooyUITests;
			sourceTree = "<group>";
		};
/* End PBXFileSystemSynchronizedRootGroup section */

/* Begin PBXFrameworksBuildPhase section */
		61B542602E4A17A400C654ED /* Frameworks */ = {
			isa = PBXFrameworksBuildPhase;
			buildActionMask = 2147483647;
			files = (
				61A0CD202E4A19E2003E8079 /* MapboxMaps in Frameworks */,
				61A0CD1D2E4A19CE003E8079 /* MapboxNavigationUIKit in Frameworks */,
				61A0CD1B2E4A19CE003E8079 /* MapboxNavigationCore in Frameworks */,
			);
			runOnlyForDeploymentPostprocessing = 0;
		};
		61B5426F2E4A17A500C654ED /* Frameworks */ = {
			isa = PBXFrameworksBuildPhase;
			buildActionMask = 2147483647;
			files = (
			);
			runOnlyForDeploymentPostprocessing = 0;
		};
		61B542792E4A17A500C654ED /* Frameworks */ = {
			isa = PBXFrameworksBuildPhase;
			buildActionMask = 2147483647;
			files = (
			);
			runOnlyForDeploymentPostprocessing = 0;
		};
/* End PBXFrameworksBuildPhase section */

/* Begin PBXGroup section */
		61B5425A2E4A17A400C654ED = {
			isa = PBXGroup;
			children = (
				61DC30F92E4A1F62008FD597 /* Info.plist */,
				61B542652E4A17A400C654ED /* Sources */,
				61B542752E4A17A500C654ED /* ConvooyTests */,
				61B5427F2E4A17A500C654ED /* ConvooyUITests */,
				61B542642E4A17A400C654ED /* Products */,
			);
			sourceTree = "<group>";
		};
		61B542642E4A17A400C654ED /* Products */ = {
			isa = PBXGroup;
			children = (
				61B542632E4A17A400C654ED /* Convooy.app */,
				61B542722E4A17A500C654ED /* ConvooyTests.xctest */,
				61B5427C2E4A17A500C654ED /* ConvooyUITests.xctest */,
			);
			name = Products;
			sourceTree = "<group>";
		};
/* End PBXGroup section */

/* Begin PBXNativeTarget section */
		61B542622E4A17A400C654ED /* Convooy */ = {
			isa = PBXNativeTarget;
			buildConfigurationList = 61B542862E4A17A500C654ED /* Build configuration list for PBXNativeTarget "Convooy" */;
			buildPhases = (
				61B5425F2E4A17A400C654ED /* Sources */,
				61B542602E4A17A400C654ED /* Frameworks */,
				61B542612E4A17A400C654ED /* Resources */,
			);
			buildRules = (
			);
			dependencies = (
			);
			fileSystemSynchronizedGroups = (
				61B542652E4A17A400C654ED /* Sources */,
			);
			name = Convooy;
			packageProductDependencies = (
				61A0CD1A2E4A19CE003E8079 /* MapboxNavigationCore */,
				61A0CD1C2E4A19CE003E8079 /* MapboxNavigationUIKit */,
				61A0CD1F2E4A19E2003E8079 /* MapboxMaps */,
			);
			productName = Convooy;
			productReference = 61B542632E4A17A400C654ED /* Convooy.app */;
			productType = "com.apple.product-type.application";
		};
		61B542712E4A17A500C654ED /* ConvooyTests */ = {
			isa = PBXNativeTarget;
			buildConfigurationList = 61B542892E4A17A500C654ED /* Build configuration list for PBXNativeTarget "ConvooyTests" */;
			buildPhases = (
				61B5426E2E4A17A500C654ED /* Sources */,
				61B5426F2E4A17A500C654ED /* Frameworks */,
				61B542702E4A17A500C654ED /* Resources */,
			);
			buildRules = (
			);
			dependencies = (
				61B542742E4A17A500C654ED /* PBXTargetDependency */,
			);
			fileSystemSynchronizedGroups = (
				61B542752E4A17A500C654ED /* ConvooyTests */,
			);
			name = ConvooyTests;
			packageProductDependencies = (
			);
			productName = ConvooyTests;
			productReference = 61B542722E4A17A500C654ED /* ConvooyTests.xctest */;
			productType = "com.apple.product-type.bundle.unit-test";
		};
		61B5427B2E4A17A500C654ED /* ConvooyUITests */ = {
			isa = PBXNativeTarget;
			buildConfigurationList = 61B5428C2E4A17A500C654ED /* Build configuration list for PBXNativeTarget "ConvooyUITests" */;
			buildPhases = (
				61B542782E4A17A500C654ED /* Sources */,
				61B542792E4A17A500C654ED /* Frameworks */,
				61B5427A2E4A17A500C654ED /* Resources */,
			);
			buildRules = (
			);
			dependencies = (
				61B5427E2E4A17A500C654ED /* PBXTargetDependency */,
			);
			fileSystemSynchronizedGroups = (
				61B5427F2E4A17A500C654ED /* ConvooyUITests */,
			);
			name = ConvooyUITests;
			packageProductDependencies = (
			);
			productName = ConvooyUITests;
			productReference = 61B5427C2E4A17A500C654ED /* ConvooyUITests.xctest */;
			productType = "com.apple.product-type.bundle.ui-testing";
		};
/* End PBXNativeTarget section */

/* Begin PBXProject section */
		61B5425B2E4A17A400C654ED /* Project object */ = {
			isa = PBXProject;
			attributes = {
				BuildIndependentTargetsInParallel = 1;
				LastSwiftUpdateCheck = 1640;
				LastUpgradeCheck = 1640;
				TargetAttributes = {
					61B542622E4A17A400C654ED = {
						CreatedOnToolsVersion = 16.4;
					};
					61B542712E4A17A500C654ED = {
						CreatedOnToolsVersion = 16.4;
						TestTargetID = 61B542622E4A17A400C654ED;
					};
					61B5427B2E4A17A500C654ED = {
						CreatedOnToolsVersion = 16.4;
						TestTargetID = 61B542622E4A17A400C654ED;
					};
				};
			};
			buildConfigurationList = 61B5425E2E4A17A400C654ED /* Build configuration list for PBXProject "Convooy" */;
			developmentRegion = en;
			hasScannedForEncodings = 0;
			knownRegions = (
				en,
				Base,
			);
			mainGroup = 61B5425A2E4A17A400C654ED;
			minimizedProjectReferenceProxies = 1;
			packageReferences = (
				61A0CD192E4A19CE003E8079 /* XCRemoteSwiftPackageReference "mapbox-navigation-ios" */,
				61A0CD1E2E4A19E2003E8079 /* XCRemoteSwiftPackageReference "mapbox-maps-ios" */,
			);
			preferredProjectObjectVersion = 77;
			productRefGroup = 61B542642E4A17A400C654ED /* Products */;
			projectDirPath = "";
			projectRoot = "";
			targets = (
				61B542622E4A17A400C654ED /* Convooy */,
				61B542712E4A17A500C654ED /* ConvooyTests */,
				61B5427B2E4A17A500C654ED /* ConvooyUITests */,
			);
		};
/* End PBXProject section */

/* Begin PBXResourcesBuildPhase section */
		61B542612E4A17A400C654ED /* Resources */ = {
			isa = PBXResourcesBuildPhase;
			buildActionMask = 2147483647;
			files = (
			);
			runOnlyForDeploymentPostprocessing = 0;
		};
		61B542702E4A17A500C654ED /* Resources */ = {
			isa = PBXResourcesBuildPhase;
			buildActionMask = 2147483647;
			files = (
			);
			runOnlyForDeploymentPostprocessing = 0;
		};
		61B5427A2E4A17A500C654ED /* Resources */ = {
			isa = PBXResourcesBuildPhase;
			buildActionMask = 2147483647;
			files = (
			);
			runOnlyForDeploymentPostprocessing = 0;
		};
/* End PBXResourcesBuildPhase section */

/* Begin PBXSourcesBuildPhase section */
		61B5425F2E4A17A400C654ED /* Sources */ = {
			isa = PBXSourcesBuildPhase;
			buildActionMask = 2147483647;
			files = (
			);
			runOnlyForDeploymentPostprocessing = 0;
		};
		61B5426E2E4A17A500C654ED /* Sources */ = {
			isa = PBXSourcesBuildPhase;
			buildActionMask = 2147483647;
			files = (
			);
			runOnlyForDeploymentPostprocessing = 0;
		};
		61B542782E4A17A500C654ED /* Sources */ = {
			isa = PBXSourcesBuildPhase;
			buildActionMask = 2147483647;
			files = (
			);
			runOnlyForDeploymentPostprocessing = 0;
		};
/* End PBXSourcesBuildPhase section */

/* Begin PBXTargetDependency section */
		61B542742E4A17A500C654ED /* PBXTargetDependency */ = {
			isa = PBXTargetDependency;
			target = 61B542622E4A17A400C654ED /* Convooy */;
			targetProxy = 61B542732E4A17A500C654ED /* PBXContainerItemProxy */;
		};
		61B5427E2E4A17A500C654ED /* PBXTargetDependency */ = {
			isa = PBXTargetDependency;
			target = 61B542622E4A17A400C654ED /* Convooy */;
			targetProxy = 61B5427D2E4A17A500C654ED /* PBXContainerItemProxy */;
		};
/* End PBXTargetDependency section */

/* Begin XCBuildConfiguration section */
		61B542842E4A17A500C654ED /* Debug */ = {
			isa = XCBuildConfiguration;
			buildSettings = {
				ALWAYS_SEARCH_USER_PATHS = NO;
				ASSETCATALOG_COMPILER_GENERATE_SWIFT_ASSET_SYMBOL_EXTENSIONS = YES;
				CLANG_ANALYZER_NONNULL = YES;
				CLANG_ANALYZER_NUMBER_OBJECT_CONVERSION = YES_AGGRESSIVE;
				CLANG_CXX_LANGUAGE_STANDARD = "gnu++20";
				CLANG_ENABLE_MODULES = YES;
				CLANG_ENABLE_OBJC_ARC = YES;
				CLANG_ENABLE_OBJC_WEAK = YES;
				CLANG_WARN_BLOCK_CAPTURE_AUTORELEASING = YES;
				CLANG_WARN_BOOL_CONVERSION = YES;
				CLANG_WARN_COMMA = YES;
				CLANG_WARN_CONSTANT_CONVERSION = YES;
				CLANG_WARN_DEPRECATED_OBJC_IMPLEMENTATIONS = YES;
				CLANG_WARN_DIRECT_OBJC_ISA_USAGE = YES_ERROR;
				CLANG_WARN_DOCUMENTATION_COMMENTS = YES;
				CLANG_WARN_EMPTY_BODY = YES;
				CLANG_WARN_ENUM_CONVERSION = YES;
				CLANG_WARN_INFINITE_RECURSION = YES;
				CLANG_WARN_INT_CONVERSION = YES;
				CLANG_WARN_NON_LITERAL_NULL_CONVERSION = YES;
				CLANG_WARN_OBJC_IMPLICIT_RETAIN_SELF = YES;
				CLANG_WARN_OBJC_LITERAL_CONVERSION = YES;
				CLANG_WARN_OBJC_ROOT_CLASS = YES_ERROR;
				CLANG_WARN_QUOTED_INCLUDE_IN_FRAMEWORK_HEADER = YES;
				CLANG_WARN_RANGE_LOOP_ANALYSIS = YES;
				CLANG_WARN_STRICT_PROTOTYPES = YES;
				CLANG_WARN_SUSPICIOUS_MOVE = YES;
				CLANG_WARN_UNGUARDED_AVAILABILITY = YES_AGGRESSIVE;
				CLANG_WARN_UNREACHABLE_CODE = YES;
				CLANG_WARN__DUPLICATE_METHOD_MATCH = YES;
				COPY_PHASE_STRIP = NO;
				DEBUG_INFORMATION_FORMAT = dwarf;
				ENABLE_STRICT_OBJC_MSGSEND = YES;
				ENABLE_TESTABILITY = YES;
				ENABLE_USER_SCRIPT_SANDBOXING = YES;
				GCC_C_LANGUAGE_STANDARD = gnu17;
				GCC_DYNAMIC_NO_PIC = NO;
				GCC_NO_COMMON_BLOCKS = YES;
				GCC_OPTIMIZATION_LEVEL = 0;
				GCC_PREPROCESSOR_DEFINITIONS = (
					"DEBUG=1",
					"$(inherited)",
				);
				GCC_WARN_64_TO_32_BIT_CONVERSION = YES;
				GCC_WARN_ABOUT_RETURN_TYPE = YES_ERROR;
				GCC_WARN_UNDECLARED_SELECTOR = YES;
				GCC_WARN_UNINITIALIZED_AUTOS = YES_AGGRESSIVE;
				GCC_WARN_UNUSED_FUNCTION = YES;
				GCC_WARN_UNUSED_VARIABLE = YES;
				IPHONEOS_DEPLOYMENT_TARGET = 18.5;
				LOCALIZATION_PREFERS_STRING_CATALOGS = YES;
				MTL_ENABLE_DEBUG_INFO = INCLUDE_SOURCE;
				MTL_FAST_MATH = YES;
				ONLY_ACTIVE_ARCH = YES;
				SDKROOT = iphoneos;
				SWIFT_ACTIVE_COMPILATION_CONDITIONS = "DEBUG $(inherited)";
				SWIFT_OPTIMIZATION_LEVEL = "-Onone";
			};
			name = Debug;
		};
		61B542852E4A17A500C654ED /* Release */ = {
			isa = XCBuildConfiguration;
			buildSettings = {
				ALWAYS_SEARCH_USER_PATHS = NO;
				ASSETCATALOG_COMPILER_GENERATE_SWIFT_ASSET_SYMBOL_EXTENSIONS = YES;
				CLANG_ANALYZER_NONNULL = YES;
				CLANG_ANALYZER_NUMBER_OBJECT_CONVERSION = YES_AGGRESSIVE;
				CLANG_CXX_LANGUAGE_STANDARD = "gnu++20";
				CLANG_ENABLE_MODULES = YES;
				CLANG_ENABLE_OBJC_ARC = YES;
				CLANG_ENABLE_OBJC_WEAK = YES;
				CLANG_WARN_BLOCK_CAPTURE_AUTORELEASING = YES;
				CLANG_WARN_BOOL_CONVERSION = YES;
				CLANG_WARN_COMMA = YES;
				CLANG_WARN_CONSTANT_CONVERSION = YES;
				CLANG_WARN_DEPRECATED_OBJC_IMPLEMENTATIONS = YES;
				CLANG_WARN_DIRECT_OBJC_ISA_USAGE = YES_ERROR;
				CLANG_WARN_DOCUMENTATION_COMMENTS = YES;
				CLANG_WARN_EMPTY_BODY = YES;
				CLANG_WARN_ENUM_CONVERSION = YES;
				CLANG_WARN_INFINITE_RECURSION = YES;
				CLANG_WARN_INT_CONVERSION = YES;
				CLANG_WARN_NON_LITERAL_NULL_CONVERSION = YES;
				CLANG_WARN_OBJC_IMPLICIT_RETAIN_SELF = YES;
				CLANG_WARN_OBJC_LITERAL_CONVERSION = YES;
				CLANG_WARN_OBJC_ROOT_CLASS = YES_ERROR;
				CLANG_WARN_QUOTED_INCLUDE_IN_FRAMEWORK_HEADER = YES;
				CLANG_WARN_RANGE_LOOP_ANALYSIS = YES;
				CLANG_WARN_STRICT_PROTOTYPES = YES;
				CLANG_WARN_SUSPICIOUS_MOVE = YES;
				CLANG_WARN_UNGUARDED_AVAILABILITY = YES_AGGRESSIVE;
				CLANG_WARN_UNREACHABLE_CODE = YES;
				CLANG_WARN__DUPLICATE_METHOD_MATCH = YES;
				COPY_PHASE_STRIP = NO;
				DEBUG_INFORMATION_FORMAT = "dwarf-with-dsym";
				ENABLE_NS_ASSERTIONS = NO;
				ENABLE_STRICT_OBJC_MSGSEND = YES;
				ENABLE_USER_SCRIPT_SANDBOXING = YES;
				GCC_C_LANGUAGE_STANDARD = gnu17;
				GCC_NO_COMMON_BLOCKS = YES;
				GCC_WARN_64_TO_32_BIT_CONVERSION = YES;
				GCC_WARN_ABOUT_RETURN_TYPE = YES_ERROR;
				GCC_WARN_UNDECLARED_SELECTOR = YES;
				GCC_WARN_UNINITIALIZED_AUTOS = YES_AGGRESSIVE;
				GCC_WARN_UNUSED_FUNCTION = YES;
				GCC_WARN_UNUSED_VARIABLE = YES;
				IPHONEOS_DEPLOYMENT_TARGET = 18.5;
				LOCALIZATION_PREFERS_STRING_CATALOGS = YES;
				MTL_ENABLE_DEBUG_INFO = NO;
				MTL_FAST_MATH = YES;
				SDKROOT = iphoneos;
				SWIFT_COMPILATION_MODE = wholemodule;
				VALIDATE_PRODUCT = YES;
			};
			name = Release;
		};
		61B542872E4A17A500C654ED /* Debug */ = {
			isa = XCBuildConfiguration;
			buildSettings = {
				ASSETCATALOG_COMPILER_APPICON_NAME = AppIcon;
				ASSETCATALOG_COMPILER_GLOBAL_ACCENT_COLOR_NAME = AccentColor;
				CODE_SIGN_STYLE = Automatic;
				CURRENT_PROJECT_VERSION = 1;
				DEVELOPMENT_TEAM = 7323Q56UFD;
				ENABLE_PREVIEWS = YES;
				GENERATE_INFOPLIST_FILE = NO;
				INFOPLIST_FILE = /Users/kevinhanna/repos/cassette/convooy/Convooy/Info.plist;
				LD_RUNPATH_SEARCH_PATHS = (
					"$(inherited)",
					"@executable_path/Frameworks",
				);
				MARKETING_VERSION = 1.0;
				PRODUCT_BUNDLE_IDENTIFIER = com.convooy.Convooy;
				PRODUCT_NAME = "$(TARGET_NAME)";
				SWIFT_EMIT_LOC_STRINGS = YES;
				SWIFT_VERSION = 5.0;
				TARGETED_DEVICE_FAMILY = "1,2";
			};
			name = Debug;
		};
		61B542882E4A17A500C654ED /* Release */ = {
			isa = XCBuildConfiguration;
			buildSettings = {
				ASSETCATALOG_COMPILER_APPICON_NAME = AppIcon;
				ASSETCATALOG_COMPILER_GLOBAL_ACCENT_COLOR_NAME = AccentColor;
				CODE_SIGN_STYLE = Automatic;
				CURRENT_PROJECT_VERSION = 1;
				DEVELOPMENT_TEAM = 7323Q56UFD;
				ENABLE_PREVIEWS = YES;
				GENERATE_INFOPLIST_FILE = NO;
				INFOPLIST_FILE = /Users/kevinhanna/repos/cassette/convooy/Convooy/Info.plist;
				LD_RUNPATH_SEARCH_PATHS = (
					"$(inherited)",
					"@executable_path/Frameworks",
				);
				MARKETING_VERSION = 1.0;
				PRODUCT_BUNDLE_IDENTIFIER = com.convooy.Convooy;
				PRODUCT_NAME = "$(TARGET_NAME)";
				SWIFT_EMIT_LOC_STRINGS = YES;
				SWIFT_VERSION = 5.0;
				TARGETED_DEVICE_FAMILY = "1,2";
			};
			name = Release;
		};
		61B5428A2E4A17A500C654ED /* Debug */ = {
			isa = XCBuildConfiguration;
			buildSettings = {
				BUNDLE_LOADER = "$(TEST_HOST)";
				CODE_SIGN_STYLE = Automatic;
				CURRENT_PROJECT_VERSION = 1;
				GENERATE_INFOPLIST_FILE = YES;
				IPHONEOS_DEPLOYMENT_TARGET = 18.5;
				MARKETING_VERSION = 1.0;
				PRODUCT_BUNDLE_IDENTIFIER = com.convooy.ConvooyTests;
				PRODUCT_NAME = "$(TARGET_NAME)";
				SWIFT_EMIT_LOC_STRINGS = NO;
				SWIFT_VERSION = 5.0;
				TARGETED_DEVICE_FAMILY = "1,2";
				TEST_HOST = "$(BUILT_PRODUCTS_DIR)/Convooy.app/$(BUNDLE_EXECUTABLE_FOLDER_PATH)/Convooy";
			};
			name = Debug;
		};
		61B5428B2E4A17A500C654ED /* Release */ = {
			isa = XCBuildConfiguration;
			buildSettings = {
				BUNDLE_LOADER = "$(TEST_HOST)";
				CODE_SIGN_STYLE = Automatic;
				CURRENT_PROJECT_VERSION = 1;
				GENERATE_INFOPLIST_FILE = YES;
				IPHONEOS_DEPLOYMENT_TARGET = 18.5;
				MARKETING_VERSION = 1.0;
				PRODUCT_BUNDLE_IDENTIFIER = com.convooy.ConvooyTests;
				PRODUCT_NAME = "$(TARGET_NAME)";
				SWIFT_EMIT_LOC_STRINGS = NO;
				SWIFT_VERSION = 5.0;
				TARGETED_DEVICE_FAMILY = "1,2";
				TEST_HOST = "$(BUILT_PRODUCTS_DIR)/Convooy.app/$(BUNDLE_EXECUTABLE_FOLDER_PATH)/Convooy";
			};
			name = Release;
		};
		61B5428D2E4A17A500C654ED /* Debug */ = {
			isa = XCBuildConfiguration;
			buildSettings = {
				CODE_SIGN_STYLE = Automatic;
				CURRENT_PROJECT_VERSION = 1;
				GENERATE_INFOPLIST_FILE = YES;
				MARKETING_VERSION = 1.0;
				PRODUCT_BUNDLE_IDENTIFIER = com.convooy.ConvooyUITests;
				PRODUCT_NAME = "$(TARGET_NAME)";
				SWIFT_EMIT_LOC_STRINGS = NO;
				SWIFT_VERSION = 5.0;
				TARGETED_DEVICE_FAMILY = "1,2";
				TEST_TARGET_NAME = Convooy;
			};
			name = Debug;
		};
		61B5428E2E4A17A500C654ED /* Release */ = {
			isa = XCBuildConfiguration;
			buildSettings = {
				CODE_SIGN_STYLE = Automatic;
				CURRENT_PROJECT_VERSION = 1;
				GENERATE_INFOPLIST_FILE = YES;
				MARKETING_VERSION = 1.0;
				PRODUCT_BUNDLE_IDENTIFIER = com.convooy.ConvooyUITests;
				PRODUCT_NAME = "$(TARGET_NAME)";
				SWIFT_EMIT_LOC_STRINGS = NO;
				SWIFT_VERSION = 5.0;
				TARGETED_DEVICE_FAMILY = "1,2";
				TEST_TARGET_NAME = Convooy;
			};
			name = Release;
		};
/* End XCBuildConfiguration section */

/* Begin XCConfigurationList section */
		61B5425E2E4A17A400C654ED /* Build configuration list for PBXProject "Convooy" */ = {
			isa = XCConfigurationList;
			buildConfigurations = (
				61B542842E4A17A500C654ED /* Debug */,
				61B542852E4A17A500C654ED /* Release */,
			);
			defaultConfigurationIsVisible = 0;
			defaultConfigurationName = Release;
		};
		61B542862E4A17A500C654ED /* Build configuration list for PBXNativeTarget "Convooy" */ = {
			isa = XCConfigurationList;
			buildConfigurations = (
				61B542872E4A17A500C654ED /* Debug */,
				61B542882E4A17A500C654ED /* Release */,
			);
			defaultConfigurationIsVisible = 0;
			defaultConfigurationName = Release;
		};
		61B542892E4A17A500C654ED /* Build configuration list for PBXNativeTarget "ConvooyTests" */ = {
			isa = XCConfigurationList;
			buildConfigurations = (
				61B5428A2E4A17A500C654ED /* Debug */,
				61B5428B2E4A17A500C654ED /* Release */,
			);
			defaultConfigurationIsVisible = 0;
			defaultConfigurationName = Release;
		};
		61B5428C2E4A17A500C654ED /* Build configuration list for PBXNativeTarget "ConvooyUITests" */ = {
			isa = XCConfigurationList;
			buildConfigurations = (
				61B5428D2E4A17A500C654ED /* Debug */,
				61B5428E2E4A17A500C654ED /* Release */,
			);
			defaultConfigurationIsVisible = 0;
			defaultConfigurationName = Release;
		};
/* End XCConfigurationList section */

/* Begin XCRemoteSwiftPackageReference section */
		61A0CD192E4A19CE003E8079 /* XCRemoteSwiftPackageReference "mapbox-navigation-ios" */ = {
			isa = XCRemoteSwiftPackageReference;
			repositoryURL = "https://github.com/mapbox/mapbox-navigation-ios.git";
			requirement = {
				kind = upToNextMajorVersion;
				minimumVersion = 3.11.0;
			};
		};
		61A0CD1E2E4A19E2003E8079 /* XCRemoteSwiftPackageReference "mapbox-maps-ios" */ = {
			isa = XCRemoteSwiftPackageReference;
			repositoryURL = "https://github.com/mapbox/mapbox-maps-ios.git";
			requirement = {
				kind = upToNextMajorVersion;
				minimumVersion = 11.0.0;
			};
		};
/* End XCRemoteSwiftPackageReference section */

/* Begin XCSwiftPackageProductDependency section */
		61A0CD1A2E4A19CE003E8079 /* MapboxNavigationCore */ = {
			isa = XCSwiftPackageProductDependency;
			package = 61A0CD192E4A19CE003E8079 /* XCRemoteSwiftPackageReference "mapbox-navigation-ios" */;
			productName = MapboxNavigationCore;
		};
		61A0CD1C2E4A19CE003E8079 /* MapboxNavigationUIKit */ = {
			isa = XCSwiftPackageProductDependency;
			package = 61A0CD192E4A19CE003E8079 /* XCRemoteSwiftPackageReference "mapbox-navigation-ios" */;
			productName = MapboxNavigationUIKit;
		};
		61A0CD1F2E4A19E2003E8079 /* MapboxMaps */ = {
			isa = XCSwiftPackageProductDependency;
			package = 61A0CD1E2E4A19E2003E8079 /* XCRemoteSwiftPackageReference "mapbox-maps-ios" */;
			productName = MapboxMaps;
		};
/* End XCSwiftPackageProductDependency section */
	};
	rootObject = 61B5425B2E4A17A400C654ED /* Project object */;
}
