// !$*UTF8*$!
{
	archiveVersion = 1;
	classes = {
	};
	objectVersion = 77;
	objects = {

/* Begin PBXBuildFile section */
		617B8B6B2E4A2BAB0001A66C /* MapboxMaps in Frameworks */ = {isa = PBXBuildFile; productRef = 617B8B6A2E4A2BAB0001A66C /* MapboxMaps */; };
		617B8B722E4A2F1A0001A66C /* MapboxSearch in Frameworks */ = {isa = PBXBuildFile; productRef = 617B8B712E4A2F1A0001A66C /* MapboxSearch */; };
		617B8B742E4A2F1A0001A66C /* MapboxSearchUI in Frameworks */ = {isa = PBXBuildFile; productRef = 617B8B732E4A2F1A0001A66C /* MapboxSearchUI */; };
		617B8B7D2E4A3BE50001A66C /* MapboxNavigationCore in Frameworks */ = {isa = PBXBuildFile; productRef = 617B8B7C2E4A3BE50001A66C /* MapboxNavigationCore */; };
		617B8B7F2E4A3BE50001A66C /* MapboxNavigationUIKit in Frameworks */ = {isa = PBXBuildFile; productRef = 617B8B7E2E4A3BE50001A66C /* MapboxNavigationUIKit */; };
/* End PBXBuildFile section */

/* Begin PBXContainerItemProxy section */
		617B8B3E2E4A270A0001A66C /* PBXContainerItemProxy */ = {
			isa = PBXContainerItemProxy;
			containerPortal = 617B8B262E4A27090001A66C /* Project object */;
			proxyType = 1;
			remoteGlobalIDString = 617B8B2D2E4A27090001A66C;
			remoteInfo = Convooy;
		};
		617B8B482E4A270A0001A66C /* PBXContainerItemProxy */ = {
			isa = PBXContainerItemProxy;
			containerPortal = 617B8B262E4A27090001A66C /* Project object */;
			proxyType = 1;
			remoteGlobalIDString = 617B8B2D2E4A27090001A66C;
			remoteInfo = Convooy;
		};
/* End PBXContainerItemProxy section */

/* Begin PBXFileReference section */
		617B8B2E2E4A27090001A66C /* Convooy.app */ = {isa = PBXFileReference; explicitFileType = wrapper.application; includeInIndex = 0; path = Convooy.app; sourceTree = BUILT_PRODUCTS_DIR; };
		617B8B3D2E4A270A0001A66C /* ConvooyTests.xctest */ = {isa = PBXFileReference; explicitFileType = wrapper.cfbundle; includeInIndex = 0; path = ConvooyTests.xctest; sourceTree = BUILT_PRODUCTS_DIR; };
		617B8B472E4A270A0001A66C /* ConvooyUITests.xctest */ = {isa = PBXFileReference; explicitFileType = wrapper.cfbundle; includeInIndex = 0; path = ConvooyUITests.xctest; sourceTree = BUILT_PRODUCTS_DIR; };
/* End PBXFileReference section */

/* Begin PBXFileSystemSynchronizedBuildFileExceptionSet section */
		617B8B602E4A29870001A66C /* Exceptions for "Convooy" folder in "Convooy" target */ = {
			isa = PBXFileSystemSynchronizedBuildFileExceptionSet;
			membershipExceptions = (
				Info.plist,
			);
			target = 617B8B2D2E4A27090001A66C /* Convooy */;
		};
/* End PBXFileSystemSynchronizedBuildFileExceptionSet section */

/* Begin PBXFileSystemSynchronizedRootGroup section */
		617B8B302E4A27090001A66C /* Convooy */ = {
			isa = PBXFileSystemSynchronizedRootGroup;
			exceptions = (
				617B8B602E4A29870001A66C /* Exceptions for "Convooy" folder in "Convooy" target */,
			);
			path = Convooy;
			sourceTree = "<group>";
		};
		617B8B402E4A270A0001A66C /* ConvooyTests */ = {
			isa = PBXFileSystemSynchronizedRootGroup;
			path = ConvooyTests;
			sourceTree = "<group>";
		};
		617B8B4A2E4A270A0001A66C /* ConvooyUITests */ = {
			isa = PBXFileSystemSynchronizedRootGroup;
			path = ConvooyUITests;
			sourceTree = "<group>";
		};
/* End PBXFileSystemSynchronizedRootGroup section */

/* Begin PBXFrameworksBuildPhase section */
		617B8B2B2E4A27090001A66C /* Frameworks */ = {
			isa = PBXFrameworksBuildPhase;
			buildActionMask = 2147483647;
			files = (
				617B8B7D2E4A3BE50001A66C /* MapboxNavigationCore in Frameworks */,
				617B8B6B2E4A2BAB0001A66C /* MapboxMaps in Frameworks */,
				617B8B7F2E4A3BE50001A66C /* MapboxNavigationUIKit in Frameworks */,
				617B8B742E4A2F1A0001A66C /* MapboxSearchUI in Frameworks */,
				617B8B722E4A2F1A0001A66C /* MapboxSearch in Frameworks */,
			);
			runOnlyForDeploymentPostprocessing = 0;
		};
		617B8B3A2E4A270A0001A66C /* Frameworks */ = {
			isa = PBXFrameworksBuildPhase;
			buildActionMask = 2147483647;
			files = (
			);
			runOnlyForDeploymentPostprocessing = 0;
		};
		617B8B442E4A270A0001A66C /* Frameworks */ = {
			isa = PBXFrameworksBuildPhase;
			buildActionMask = 2147483647;
			files = (
			);
			runOnlyForDeploymentPostprocessing = 0;
		};
/* End PBXFrameworksBuildPhase section */

/* Begin PBXGroup section */
		617B8B252E4A27090001A66C = {
			isa = PBXGroup;
			children = (
				617B8B302E4A27090001A66C /* Convooy */,
				617B8B402E4A270A0001A66C /* ConvooyTests */,
				617B8B4A2E4A270A0001A66C /* ConvooyUITests */,
				617B8B2F2E4A27090001A66C /* Products */,
			);
			sourceTree = "<group>";
		};
		617B8B2F2E4A27090001A66C /* Products */ = {
			isa = PBXGroup;
			children = (
				617B8B2E2E4A27090001A66C /* Convooy.app */,
				617B8B3D2E4A270A0001A66C /* ConvooyTests.xctest */,
				617B8B472E4A270A0001A66C /* ConvooyUITests.xctest */,
			);
			name = Products;
			sourceTree = "<group>";
		};
/* End PBXGroup section */

/* Begin PBXNativeTarget section */
		617B8B2D2E4A27090001A66C /* Convooy */ = {
			isa = PBXNativeTarget;
			buildConfigurationList = 617B8B512E4A270A0001A66C /* Build configuration list for PBXNativeTarget "Convooy" */;
			buildPhases = (
				617B8B2A2E4A27090001A66C /* Sources */,
				617B8B2B2E4A27090001A66C /* Frameworks */,
				617B8B2C2E4A27090001A66C /* Resources */,
			);
			buildRules = (
			);
			dependencies = (
			);
			fileSystemSynchronizedGroups = (
				617B8B302E4A27090001A66C /* Convooy */,
			);
			name = Convooy;
			packageProductDependencies = (
				617B8B6A2E4A2BAB0001A66C /* MapboxMaps */,
				617B8B712E4A2F1A0001A66C /* MapboxSearch */,
				617B8B732E4A2F1A0001A66C /* MapboxSearchUI */,
				617B8B7C2E4A3BE50001A66C /* MapboxNavigationCore */,
				617B8B7E2E4A3BE50001A66C /* MapboxNavigationUIKit */,
			);
			productName = Convooy;
			productReference = 617B8B2E2E4A27090001A66C /* Convooy.app */;
			productType = "com.apple.product-type.application";
		};
		617B8B3C2E4A270A0001A66C /* ConvooyTests */ = {
			isa = PBXNativeTarget;
			buildConfigurationList = 617B8B542E4A270A0001A66C /* Build configuration list for PBXNativeTarget "ConvooyTests" */;
			buildPhases = (
				617B8B392E4A270A0001A66C /* Sources */,
				617B8B3A2E4A270A0001A66C /* Frameworks */,
				617B8B3B2E4A270A0001A66C /* Resources */,
			);
			buildRules = (
			);
			dependencies = (
				617B8B3F2E4A270A0001A66C /* PBXTargetDependency */,
			);
			fileSystemSynchronizedGroups = (
				617B8B402E4A270A0001A66C /* ConvooyTests */,
			);
			name = ConvooyTests;
			packageProductDependencies = (
			);
			productName = ConvooyTests;
			productReference = 617B8B3D2E4A270A0001A66C /* ConvooyTests.xctest */;
			productType = "com.apple.product-type.bundle.unit-test";
		};
		617B8B462E4A270A0001A66C /* ConvooyUITests */ = {
			isa = PBXNativeTarget;
			buildConfigurationList = 617B8B572E4A270A0001A66C /* Build configuration list for PBXNativeTarget "ConvooyUITests" */;
			buildPhases = (
				617B8B432E4A270A0001A66C /* Sources */,
				617B8B442E4A270A0001A66C /* Frameworks */,
				617B8B452E4A270A0001A66C /* Resources */,
			);
			buildRules = (
			);
			dependencies = (
				617B8B492E4A270A0001A66C /* PBXTargetDependency */,
			);
			fileSystemSynchronizedGroups = (
				617B8B4A2E4A270A0001A66C /* ConvooyUITests */,
			);
			name = ConvooyUITests;
			packageProductDependencies = (
			);
			productName = ConvooyUITests;
			productReference = 617B8B472E4A270A0001A66C /* ConvooyUITests.xctest */;
			productType = "com.apple.product-type.bundle.ui-testing";
		};
/* End PBXNativeTarget section */

/* Begin PBXProject section */
		617B8B262E4A27090001A66C /* Project object */ = {
			isa = PBXProject;
			attributes = {
				BuildIndependentTargetsInParallel = 1;
				LastSwiftUpdateCheck = 1640;
				LastUpgradeCheck = 1640;
				TargetAttributes = {
					617B8B2D2E4A27090001A66C = {
						CreatedOnToolsVersion = 16.4;
					};
					617B8B3C2E4A270A0001A66C = {
						CreatedOnToolsVersion = 16.4;
						TestTargetID = 617B8B2D2E4A27090001A66C;
					};
					617B8B462E4A270A0001A66C = {
						CreatedOnToolsVersion = 16.4;
						TestTargetID = 617B8B2D2E4A27090001A66C;
					};
				};
			};
			buildConfigurationList = 617B8B292E4A27090001A66C /* Build configuration list for PBXProject "Convooy" */;
			developmentRegion = en;
			hasScannedForEncodings = 0;
			knownRegions = (
				en,
				Base,
			);
			mainGroup = 617B8B252E4A27090001A66C;
			minimizedProjectReferenceProxies = 1;
			packageReferences = (
				617B8B692E4A2BAB0001A66C /* XCRemoteSwiftPackageReference "mapbox-maps-ios" */,
				617B8B702E4A2F1A0001A66C /* XCRemoteSwiftPackageReference "mapbox-search-ios" */,
				617B8B7B2E4A3BE50001A66C /* XCRemoteSwiftPackageReference "mapbox-navigation-ios" */,
			);
			preferredProjectObjectVersion = 77;
			productRefGroup = 617B8B2F2E4A27090001A66C /* Products */;
			projectDirPath = "";
			projectRoot = "";
			targets = (
				617B8B2D2E4A27090001A66C /* Convooy */,
				617B8B3C2E4A270A0001A66C /* ConvooyTests */,
				617B8B462E4A270A0001A66C /* ConvooyUITests */,
			);
		};
/* End PBXProject section */

/* Begin PBXResourcesBuildPhase section */
		617B8B2C2E4A27090001A66C /* Resources */ = {
			isa = PBXResourcesBuildPhase;
			buildActionMask = 2147483647;
			files = (
			);
			runOnlyForDeploymentPostprocessing = 0;
		};
		617B8B3B2E4A270A0001A66C /* Resources */ = {
			isa = PBXResourcesBuildPhase;
			buildActionMask = 2147483647;
			files = (
			);
			runOnlyForDeploymentPostprocessing = 0;
		};
		617B8B452E4A270A0001A66C /* Resources */ = {
			isa = PBXResourcesBuildPhase;
			buildActionMask = 2147483647;
			files = (
			);
			runOnlyForDeploymentPostprocessing = 0;
		};
/* End PBXResourcesBuildPhase section */

/* Begin PBXSourcesBuildPhase section */
		617B8B2A2E4A27090001A66C /* Sources */ = {
			isa = PBXSourcesBuildPhase;
			buildActionMask = 2147483647;
			files = (
			);
			runOnlyForDeploymentPostprocessing = 0;
		};
		617B8B392E4A270A0001A66C /* Sources */ = {
			isa = PBXSourcesBuildPhase;
			buildActionMask = 2147483647;
			files = (
			);
			runOnlyForDeploymentPostprocessing = 0;
		};
		617B8B432E4A270A0001A66C /* Sources */ = {
			isa = PBXSourcesBuildPhase;
			buildActionMask = 2147483647;
			files = (
			);
			runOnlyForDeploymentPostprocessing = 0;
		};
/* End PBXSourcesBuildPhase section */

/* Begin PBXTargetDependency section */
		617B8B3F2E4A270A0001A66C /* PBXTargetDependency */ = {
			isa = PBXTargetDependency;
			target = 617B8B2D2E4A27090001A66C /* Convooy */;
			targetProxy = 617B8B3E2E4A270A0001A66C /* PBXContainerItemProxy */;
		};
		617B8B492E4A270A0001A66C /* PBXTargetDependency */ = {
			isa = PBXTargetDependency;
			target = 617B8B2D2E4A27090001A66C /* Convooy */;
			targetProxy = 617B8B482E4A270A0001A66C /* PBXContainerItemProxy */;
		};
/* End PBXTargetDependency section */

/* Begin XCBuildConfiguration section */
		617B8B4F2E4A270A0001A66C /* Debug */ = {
			isa = XCBuildConfiguration;
			buildSettings = {
				ALWAYS_SEARCH_USER_PATHS = NO;
				ASSETCATALOG_COMPILER_GENERATE_SWIFT_ASSET_SYMBOL_EXTENSIONS = YES;
				CLANG_ANALYZER_NONNULL = YES;
				CLANG_ANALYZER_NUMBER_OBJECT_CONVERSION = YES_AGGRESSIVE;
				CLANG_CXX_LANGUAGE_STANDARD = "gnu++20";
				CLANG_ENABLE_MODULES = YES;
				CLANG_ENABLE_OBJC_ARC = YES;
				CLANG_ENABLE_OBJC_WEAK = YES;
				CLANG_WARN_BLOCK_CAPTURE_AUTORELEASING = YES;
				CLANG_WARN_BOOL_CONVERSION = YES;
				CLANG_WARN_COMMA = YES;
				CLANG_WARN_CONSTANT_CONVERSION = YES;
				CLANG_WARN_DEPRECATED_OBJC_IMPLEMENTATIONS = YES;
				CLANG_WARN_DIRECT_OBJC_ISA_USAGE = YES_ERROR;
				CLANG_WARN_DOCUMENTATION_COMMENTS = YES;
				CLANG_WARN_EMPTY_BODY = YES;
				CLANG_WARN_ENUM_CONVERSION = YES;
				CLANG_WARN_INFINITE_RECURSION = YES;
				CLANG_WARN_INT_CONVERSION = YES;
				CLANG_WARN_NON_LITERAL_NULL_CONVERSION = YES;
				CLANG_WARN_OBJC_IMPLICIT_RETAIN_SELF = YES;
				CLANG_WARN_OBJC_LITERAL_CONVERSION = YES;
				CLANG_WARN_OBJC_ROOT_CLASS = YES_ERROR;
				CLANG_WARN_QUOTED_INCLUDE_IN_FRAMEWORK_HEADER = YES;
				CLANG_WARN_RANGE_LOOP_ANALYSIS = YES;
				CLANG_WARN_STRICT_PROTOTYPES = YES;
				CLANG_WARN_SUSPICIOUS_MOVE = YES;
				CLANG_WARN_UNGUARDED_AVAILABILITY = YES_AGGRESSIVE;
				CLANG_WARN_UNREACHABLE_CODE = YES;
				CLANG_WARN__DUPLICATE_METHOD_MATCH = YES;
				COPY_PHASE_STRIP = NO;
				DEBUG_INFORMATION_FORMAT = dwarf;
				ENABLE_STRICT_OBJC_MSGSEND = YES;
				ENABLE_TESTABILITY = YES;
				ENABLE_USER_SCRIPT_SANDBOXING = YES;
				GCC_C_LANGUAGE_STANDARD = gnu17;
				GCC_DYNAMIC_NO_PIC = NO;
				GCC_NO_COMMON_BLOCKS = YES;
				GCC_OPTIMIZATION_LEVEL = 0;
				GCC_PREPROCESSOR_DEFINITIONS = (
					"DEBUG=1",
					"$(inherited)",
				);
				GCC_WARN_64_TO_32_BIT_CONVERSION = YES;
				GCC_WARN_ABOUT_RETURN_TYPE = YES_ERROR;
				GCC_WARN_UNDECLARED_SELECTOR = YES;
				GCC_WARN_UNINITIALIZED_AUTOS = YES_AGGRESSIVE;
				GCC_WARN_UNUSED_FUNCTION = YES;
				GCC_WARN_UNUSED_VARIABLE = YES;
				IPHONEOS_DEPLOYMENT_TARGET = 18.5;
				LOCALIZATION_PREFERS_STRING_CATALOGS = YES;
				MTL_ENABLE_DEBUG_INFO = INCLUDE_SOURCE;
				MTL_FAST_MATH = YES;
				ONLY_ACTIVE_ARCH = YES;
				SDKROOT = iphoneos;
				SWIFT_ACTIVE_COMPILATION_CONDITIONS = "DEBUG $(inherited)";
				SWIFT_OPTIMIZATION_LEVEL = "-Onone";
			};
			name = Debug;
		};
		617B8B502E4A270A0001A66C /* Release */ = {
			isa = XCBuildConfiguration;
			buildSettings = {
				ALWAYS_SEARCH_USER_PATHS = NO;
				ASSETCATALOG_COMPILER_GENERATE_SWIFT_ASSET_SYMBOL_EXTENSIONS = YES;
				CLANG_ANALYZER_NONNULL = YES;
				CLANG_ANALYZER_NUMBER_OBJECT_CONVERSION = YES_AGGRESSIVE;
				CLANG_CXX_LANGUAGE_STANDARD = "gnu++20";
				CLANG_ENABLE_MODULES = YES;
				CLANG_ENABLE_OBJC_ARC = YES;
				CLANG_ENABLE_OBJC_WEAK = YES;
				CLANG_WARN_BLOCK_CAPTURE_AUTORELEASING = YES;
				CLANG_WARN_BOOL_CONVERSION = YES;
				CLANG_WARN_COMMA = YES;
				CLANG_WARN_CONSTANT_CONVERSION = YES;
				CLANG_WARN_DEPRECATED_OBJC_IMPLEMENTATIONS = YES;
				CLANG_WARN_DIRECT_OBJC_ISA_USAGE = YES_ERROR;
				CLANG_WARN_DOCUMENTATION_COMMENTS = YES;
				CLANG_WARN_EMPTY_BODY = YES;
				CLANG_WARN_ENUM_CONVERSION = YES;
				CLANG_WARN_INFINITE_RECURSION = YES;
				CLANG_WARN_INT_CONVERSION = YES;
				CLANG_WARN_NON_LITERAL_NULL_CONVERSION = YES;
				CLANG_WARN_OBJC_IMPLICIT_RETAIN_SELF = YES;
				CLANG_WARN_OBJC_LITERAL_CONVERSION = YES;
				CLANG_WARN_OBJC_ROOT_CLASS = YES_ERROR;
				CLANG_WARN_QUOTED_INCLUDE_IN_FRAMEWORK_HEADER = YES;
				CLANG_WARN_RANGE_LOOP_ANALYSIS = YES;
				CLANG_WARN_STRICT_PROTOTYPES = YES;
				CLANG_WARN_SUSPICIOUS_MOVE = YES;
				CLANG_WARN_UNGUARDED_AVAILABILITY = YES_AGGRESSIVE;
				CLANG_WARN_UNREACHABLE_CODE = YES;
				CLANG_WARN__DUPLICATE_METHOD_MATCH = YES;
				COPY_PHASE_STRIP = NO;
				DEBUG_INFORMATION_FORMAT = "dwarf-with-dsym";
				ENABLE_NS_ASSERTIONS = NO;
				ENABLE_STRICT_OBJC_MSGSEND = YES;
				ENABLE_USER_SCRIPT_SANDBOXING = YES;
				GCC_C_LANGUAGE_STANDARD = gnu17;
				GCC_NO_COMMON_BLOCKS = YES;
				GCC_WARN_64_TO_32_BIT_CONVERSION = YES;
				GCC_WARN_ABOUT_RETURN_TYPE = YES_ERROR;
				GCC_WARN_UNDECLARED_SELECTOR = YES;
				GCC_WARN_UNINITIALIZED_AUTOS = YES_AGGRESSIVE;
				GCC_WARN_UNUSED_FUNCTION = YES;
				GCC_WARN_UNUSED_VARIABLE = YES;
				IPHONEOS_DEPLOYMENT_TARGET = 18.5;
				LOCALIZATION_PREFERS_STRING_CATALOGS = YES;
				MTL_ENABLE_DEBUG_INFO = NO;
				MTL_FAST_MATH = YES;
				SDKROOT = iphoneos;
				SWIFT_COMPILATION_MODE = wholemodule;
				VALIDATE_PRODUCT = YES;
			};
			name = Release;
		};
		617B8B522E4A270A0001A66C /* Debug */ = {
			isa = XCBuildConfiguration;
			buildSettings = {
				ASSETCATALOG_COMPILER_APPICON_NAME = AppIcon;
				ASSETCATALOG_COMPILER_GLOBAL_ACCENT_COLOR_NAME = AccentColor;
				CODE_SIGN_STYLE = Automatic;
				CURRENT_PROJECT_VERSION = 1;
				DEVELOPMENT_TEAM = 7323Q56UFD;
				ENABLE_PREVIEWS = YES;
				GENERATE_INFOPLIST_FILE = NO;
				INFOPLIST_FILE = "$(SRCROOT)/Convooy/Info.plist";
				INFOPLIST_KEY_LSApplicationCategoryType = "public.app-category.navigation";
				INFOPLIST_KEY_UIApplicationSceneManifest_Generation = YES;
				INFOPLIST_KEY_UIApplicationSupportsIndirectInputEvents = YES;
				INFOPLIST_KEY_UILaunchScreen_Generation = YES;
				INFOPLIST_KEY_UISupportedInterfaceOrientations_iPad = "UIInterfaceOrientationPortrait UIInterfaceOrientationPortraitUpsideDown UIInterfaceOrientationLandscapeLeft UIInterfaceOrientationLandscapeRight";
				INFOPLIST_KEY_UISupportedInterfaceOrientations_iPhone = "UIInterfaceOrientationPortrait UIInterfaceOrientationLandscapeLeft UIInterfaceOrientationLandscapeRight";
				LD_RUNPATH_SEARCH_PATHS = (
					"$(inherited)",
					"@executable_path/Frameworks",
				);
				MARKETING_VERSION = 1.0;
				PRODUCT_BUNDLE_IDENTIFIER = com.convooy.Convooy;
				PRODUCT_NAME = "$(TARGET_NAME)";
				SWIFT_EMIT_LOC_STRINGS = YES;
				SWIFT_VERSION = 5.0;
				TARGETED_DEVICE_FAMILY = "1,2";
			};
			name = Debug;
		};
		617B8B532E4A270A0001A66C /* Release */ = {
			isa = XCBuildConfiguration;
			buildSettings = {
				ASSETCATALOG_COMPILER_APPICON_NAME = AppIcon;
				ASSETCATALOG_COMPILER_GLOBAL_ACCENT_COLOR_NAME = AccentColor;
				CODE_SIGN_STYLE = Automatic;
				CURRENT_PROJECT_VERSION = 1;
				DEVELOPMENT_TEAM = 7323Q56UFD;
				ENABLE_PREVIEWS = YES;
				GENERATE_INFOPLIST_FILE = NO;
				INFOPLIST_FILE = "$(SRCROOT)/Convooy/Info.plist";
				INFOPLIST_KEY_LSApplicationCategoryType = "public.app-category.navigation";
				INFOPLIST_KEY_UIApplicationSceneManifest_Generation = YES;
				INFOPLIST_KEY_UIApplicationSupportsIndirectInputEvents = YES;
				INFOPLIST_KEY_UILaunchScreen_Generation = YES;
				INFOPLIST_KEY_UISupportedInterfaceOrientations_iPad = "UIInterfaceOrientationPortrait UIInterfaceOrientationPortraitUpsideDown UIInterfaceOrientationLandscapeLeft UIInterfaceOrientationLandscapeRight";
				INFOPLIST_KEY_UISupportedInterfaceOrientations_iPhone = "UIInterfaceOrientationPortrait UIInterfaceOrientationLandscapeLeft UIInterfaceOrientationLandscapeRight";
				LD_RUNPATH_SEARCH_PATHS = (
					"$(inherited)",
					"@executable_path/Frameworks",
				);
				MARKETING_VERSION = 1.0;
				PRODUCT_BUNDLE_IDENTIFIER = com.convooy.Convooy;
				PRODUCT_NAME = "$(TARGET_NAME)";
				SWIFT_EMIT_LOC_STRINGS = YES;
				SWIFT_VERSION = 5.0;
				TARGETED_DEVICE_FAMILY = "1,2";
			};
			name = Release;
		};
		617B8B552E4A270A0001A66C /* Debug */ = {
			isa = XCBuildConfiguration;
			buildSettings = {
				BUNDLE_LOADER = "$(TEST_HOST)";
				CODE_SIGN_STYLE = Automatic;
				CURRENT_PROJECT_VERSION = 1;
				GENERATE_INFOPLIST_FILE = YES;
				IPHONEOS_DEPLOYMENT_TARGET = 18.5;
				MARKETING_VERSION = 1.0;
				PRODUCT_BUNDLE_IDENTIFIER = com.convooy.ConvooyTests;
				PRODUCT_NAME = "$(TARGET_NAME)";
				SWIFT_EMIT_LOC_STRINGS = NO;
				SWIFT_VERSION = 5.0;
				TARGETED_DEVICE_FAMILY = "1,2";
				TEST_HOST = "$(BUILT_PRODUCTS_DIR)/Convooy.app/$(BUNDLE_EXECUTABLE_FOLDER_PATH)/Convooy";
			};
			name = Debug;
		};
		617B8B562E4A270A0001A66C /* Release */ = {
			isa = XCBuildConfiguration;
			buildSettings = {
				BUNDLE_LOADER = "$(TEST_HOST)";
				CODE_SIGN_STYLE = Automatic;
				CURRENT_PROJECT_VERSION = 1;
				GENERATE_INFOPLIST_FILE = YES;
				IPHONEOS_DEPLOYMENT_TARGET = 18.5;
				MARKETING_VERSION = 1.0;
				PRODUCT_BUNDLE_IDENTIFIER = com.convooy.ConvooyTests;
				PRODUCT_NAME = "$(TARGET_NAME)";
				SWIFT_EMIT_LOC_STRINGS = NO;
				SWIFT_VERSION = 5.0;
				TARGETED_DEVICE_FAMILY = "1,2";
				TEST_HOST = "$(BUILT_PRODUCTS_DIR)/Convooy.app/$(BUNDLE_EXECUTABLE_FOLDER_PATH)/Convooy";
			};
			name = Release;
		};
		617B8B582E4A270A0001A66C /* Debug */ = {
			isa = XCBuildConfiguration;
			buildSettings = {
				CODE_SIGN_STYLE = Automatic;
				CURRENT_PROJECT_VERSION = 1;
				GENERATE_INFOPLIST_FILE = YES;
				MARKETING_VERSION = 1.0;
				PRODUCT_BUNDLE_IDENTIFIER = com.convooy.ConvooyUITests;
				PRODUCT_NAME = "$(TARGET_NAME)";
				SWIFT_EMIT_LOC_STRINGS = NO;
				SWIFT_VERSION = 5.0;
				TARGETED_DEVICE_FAMILY = "1,2";
				TEST_TARGET_NAME = Convooy;
			};
			name = Debug;
		};
		617B8B592E4A270A0001A66C /* Release */ = {
			isa = XCBuildConfiguration;
			buildSettings = {
				CODE_SIGN_STYLE = Automatic;
				CURRENT_PROJECT_VERSION = 1;
				GENERATE_INFOPLIST_FILE = YES;
				MARKETING_VERSION = 1.0;
				PRODUCT_BUNDLE_IDENTIFIER = com.convooy.ConvooyUITests;
				PRODUCT_NAME = "$(TARGET_NAME)";
				SWIFT_EMIT_LOC_STRINGS = NO;
				SWIFT_VERSION = 5.0;
				TARGETED_DEVICE_FAMILY = "1,2";
				TEST_TARGET_NAME = Convooy;
			};
			name = Release;
		};
/* End XCBuildConfiguration section */

/* Begin XCConfigurationList section */
		617B8B292E4A27090001A66C /* Build configuration list for PBXProject "Convooy" */ = {
			isa = XCConfigurationList;
			buildConfigurations = (
				617B8B4F2E4A270A0001A66C /* Debug */,
				617B8B502E4A270A0001A66C /* Release */,
			);
			defaultConfigurationIsVisible = 0;
			defaultConfigurationName = Release;
		};
		617B8B512E4A270A0001A66C /* Build configuration list for PBXNativeTarget "Convooy" */ = {
			isa = XCConfigurationList;
			buildConfigurations = (
				617B8B522E4A270A0001A66C /* Debug */,
				617B8B532E4A270A0001A66C /* Release */,
			);
			defaultConfigurationIsVisible = 0;
			defaultConfigurationName = Release;
		};
		617B8B542E4A270A0001A66C /* Build configuration list for PBXNativeTarget "ConvooyTests" */ = {
			isa = XCConfigurationList;
			buildConfigurations = (
				617B8B552E4A270A0001A66C /* Debug */,
				617B8B562E4A270A0001A66C /* Release */,
			);
			defaultConfigurationIsVisible = 0;
			defaultConfigurationName = Release;
		};
		617B8B572E4A270A0001A66C /* Build configuration list for PBXNativeTarget "ConvooyUITests" */ = {
			isa = XCConfigurationList;
			buildConfigurations = (
				617B8B582E4A270A0001A66C /* Debug */,
				617B8B592E4A270A0001A66C /* Release */,
			);
			defaultConfigurationIsVisible = 0;
			defaultConfigurationName = Release;
		};
/* End XCConfigurationList section */

/* Begin XCRemoteSwiftPackageReference section */
		617B8B692E4A2BAB0001A66C /* XCRemoteSwiftPackageReference "mapbox-maps-ios" */ = {
			isa = XCRemoteSwiftPackageReference;
			repositoryURL = "https://github.com/mapbox/mapbox-maps-ios.git";
			requirement = {
				kind = upToNextMajorVersion;
				minimumVersion = 11.0.0;
			};
		};
		617B8B702E4A2F1A0001A66C /* XCRemoteSwiftPackageReference "mapbox-search-ios" */ = {
			isa = XCRemoteSwiftPackageReference;
			repositoryURL = "https://github.com/mapbox/mapbox-search-ios";
			requirement = {
				kind = exactVersion;
				version = 2.14.1;
			};
		};
		617B8B7B2E4A3BE50001A66C /* XCRemoteSwiftPackageReference "mapbox-navigation-ios" */ = {
			isa = XCRemoteSwiftPackageReference;
			repositoryURL = "https://github.com/mapbox/mapbox-navigation-ios.git";
			requirement = {
				kind = upToNextMajorVersion;
				minimumVersion = 3.11.1;
			};
		};
/* End XCRemoteSwiftPackageReference section */

/* Begin XCSwiftPackageProductDependency section */
		617B8B6A2E4A2BAB0001A66C /* MapboxMaps */ = {
			isa = XCSwiftPackageProductDependency;
			package = 617B8B692E4A2BAB0001A66C /* XCRemoteSwiftPackageReference "mapbox-maps-ios" */;
			productName = MapboxMaps;
		};
		617B8B712E4A2F1A0001A66C /* MapboxSearch */ = {
			isa = XCSwiftPackageProductDependency;
			package = 617B8B702E4A2F1A0001A66C /* XCRemoteSwiftPackageReference "mapbox-search-ios" */;
			productName = MapboxSearch;
		};
		617B8B732E4A2F1A0001A66C /* MapboxSearchUI */ = {
			isa = XCSwiftPackageProductDependency;
			package = 617B8B702E4A2F1A0001A66C /* XCRemoteSwiftPackageReference "mapbox-search-ios" */;
			productName = MapboxSearchUI;
		};
		617B8B7C2E4A3BE50001A66C /* MapboxNavigationCore */ = {
			isa = XCSwiftPackageProductDependency;
			package = 617B8B7B2E4A3BE50001A66C /* XCRemoteSwiftPackageReference "mapbox-navigation-ios" */;
			productName = MapboxNavigationCore;
		};
		617B8B7E2E4A3BE50001A66C /* MapboxNavigationUIKit */ = {
			isa = XCSwiftPackageProductDependency;
			package = 617B8B7B2E4A3BE50001A66C /* XCRemoteSwiftPackageReference "mapbox-navigation-ios" */;
			productName = MapboxNavigationUIKit;
		};
/* End XCSwiftPackageProductDependency section */
	};
	rootObject = 617B8B262E4A27090001A66C /* Project object */;
}
