{
  "originHash" : "bc4982d8e4ae48c697816c8d329dd5c04d2fe5ee81f4fb7df1e51bfc78cca90b",
  "pins" : [
    {
      "identity" : "mapbox-common-ios",
      "kind" : "remoteSourceControl",
      "location" : "https://github.com/mapbox/mapbox-common-ios.git",
      "state" : {
        "revision" : "0777f55b40516d5fd92ca9af980b86503c298df9",
        "version" : "24.14.1"
      }
    },
    {
      "identity" : "mapbox-core-maps-ios",
      "kind" : "remoteSourceControl",
      "location" : "https://github.com/mapbox/mapbox-core-maps-ios.git",
      "state" : {
        "revision" : "3ffa19caa306ad56b9156d8448b7087129cc1066",
        "version" : "11.14.1"
      }
    },
    {
      "identity" : "mapbox-maps-ios",
      "kind" : "remoteSourceControl",
      "location" : "https://github.com/mapbox/mapbox-maps-ios.git",
      "state" : {
        "revision" : "79a7e4a6ae885466a0e2e16cfc75cea6a22b1a39",
        "version" : "11.14.1"
      }
    },
    {
      "identity" : "mapbox-search-ios",
      "kind" : "remoteSourceControl",
      "location" : "https://github.com/mapbox/mapbox-search-ios",
      "state" : {
        "revision" : "88b6d5978ed0f259205f9961a14f00a6ff09a187",
        "version" : "2.14.1"
      }
    },
    {
      "identity" : "turf-swift",
      "kind" : "remoteSourceControl",
      "location" : "https://github.com/mapbox/turf-swift.git",
      "state" : {
        "revision" : "bf840e6b9529d105687840fe2c9dcd74197d46d1",
        "version" : "4.0.0"
      }
    }
  ],
  "version" : 3
}
